
Microsoft Visual Studio Solution File, Format Version 12.00
# Visual Studio Version 17
VisualStudioVersion = 17.8.34330.188
MinimumVisualStudioVersion = 10.0.40219.1
Project("{FAE04EC0-301F-11D3-BF4B-00C04F79EFBC}") = "labVA3", "labVA3\labVA3.csproj", "{872AFF23-6F14-4095-B869-3E41DD701CFA}"
EndProject
Global
	GlobalSection(SolutionConfigurationPlatforms) = preSolution
		Debug|Any CPU = Debug|Any CPU
		Release|Any CPU = Release|Any CPU
	EndGlobalSection
	GlobalSection(ProjectConfigurationPlatforms) = postSolution
		{872AFF23-6F14-4095-B869-3E41DD701CFA}.Debug|Any CPU.ActiveCfg = Debug|Any CPU
		{872AFF23-6F14-4095-B869-3E41DD701CFA}.Debug|Any CPU.Build.0 = Debug|Any CPU
		{872AFF23-6F14-4095-B869-3E41DD701CFA}.Release|Any CPU.ActiveCfg = Release|Any CPU
		{872AFF23-6F14-4095-B869-3E41DD701CFA}.Release|Any CPU.Build.0 = Release|Any CPU
	EndGlobalSection
	GlobalSection(SolutionProperties) = preSolution
		HideSolutionNode = FALSE
	EndGlobalSection
	GlobalSection(ExtensibilityGlobals) = postSolution
		SolutionGuid = {EB70682C-36F3-4B0F-9348-46184B250927}
	EndGlobalSection
EndGlobal
